// !$*UTF8*$!
{
	archiveVersion = 1;
	classes = {
	};
	objectVersion = 50;
	objects = {

/* Begin PBXBuildFile section */
		5D051788232C1A1A00B94C4B /* DetailViewController.swift in Sources */ = {isa = PBXBuildFile; fileRef = 5D051787232C1A1A00B94C4B /* DetailViewController.swift */; };
		5D05178A232C1AC900B94C4B /* DetailViewModel.swift in Sources */ = {isa = PBXBuildFile; fileRef = 5D051789232C1AC900B94C4B /* DetailViewModel.swift */; };
		5D08638C232054FE00CD58F5 /* NoGoalsHomeView.swift in Sources */ = {isa = PBXBuildFile; fileRef = 5D08638B232054FE00CD58F5 /* NoGoalsHomeView.swift */; };
		5D0863B0232084EB00CD58F5 /* HundredHoursDevTests.swift in Sources */ = {isa = PBXBuildFile; fileRef = 5D0863AF232084EB00CD58F5 /* HundredHoursDevTests.swift */; };
		5D0863BE2320852600CD58F5 /* HundredHoursDevUITests.swift in Sources */ = {isa = PBXBuildFile; fileRef = 5D0863BD2320852600CD58F5 /* HundredHoursDevUITests.swift */; };
		5D27BBB82321A6F600C3D623 /* NewGoalViewController.swift in Sources */ = {isa = PBXBuildFile; fileRef = 5D27BBB72321A6F600C3D623 /* NewGoalViewController.swift */; };
		5D27BBBA2321A7E100C3D623 /* GoalSuperView.swift in Sources */ = {isa = PBXBuildFile; fileRef = 5D27BBB92321A7E100C3D623 /* GoalSuperView.swift */; };
		5D4C61CD23344C30005FFD1F /* TimerViewController.swift in Sources */ = {isa = PBXBuildFile; fileRef = 5D4C61CC23344C30005FFD1F /* TimerViewController.swift */; };
		5D4C61CF23344C53005FFD1F /* TimerView.swift in Sources */ = {isa = PBXBuildFile; fileRef = 5D4C61CE23344C53005FFD1F /* TimerView.swift */; };
		5D4C61D123344CAF005FFD1F /* TimerViewModel.swift in Sources */ = {isa = PBXBuildFile; fileRef = 5D4C61D023344CAF005FFD1F /* TimerViewModel.swift */; };
		5D6DB5FE2322D48A004B08F1 /* EditGoalView.swift in Sources */ = {isa = PBXBuildFile; fileRef = 5D6DB5FD2322D48A004B08F1 /* EditGoalView.swift */; };
		5D6DB6002322E354004B08F1 /* ErrorViewController.swift in Sources */ = {isa = PBXBuildFile; fileRef = 5D6DB5FF2322E354004B08F1 /* ErrorViewController.swift */; };
		5D6DB6022323121A004B08F1 /* ErrorView.swift in Sources */ = {isa = PBXBuildFile; fileRef = 5D6DB6012323121A004B08F1 /* ErrorView.swift */; };
		5D9C529B232AC08200608D6D /* NewGoalViewModel.swift in Sources */ = {isa = PBXBuildFile; fileRef = 5D9C529A232AC08200608D6D /* NewGoalViewModel.swift */; };
		5D9C529E232B05BB00608D6D /* HomeViewModel.swift in Sources */ = {isa = PBXBuildFile; fileRef = 5D9C529D232B05BB00608D6D /* HomeViewModel.swift */; };
		5DB73502231DFDF400F53E30 /* AppDelegate.swift in Sources */ = {isa = PBXBuildFile; fileRef = 5DB73501231DFDF400F53E30 /* AppDelegate.swift */; };
		5DB73504231DFDF400F53E30 /* HomeViewController.swift in Sources */ = {isa = PBXBuildFile; fileRef = 5DB73503231DFDF400F53E30 /* HomeViewController.swift */; };
		5DB7350A231DFDF400F53E30 /* HundredHoursDev.xcdatamodeld in Sources */ = {isa = PBXBuildFile; fileRef = 5DB73508231DFDF400F53E30 /* HundredHoursDev.xcdatamodeld */; };
		5DB7350C231DFDF600F53E30 /* Assets.xcassets in Resources */ = {isa = PBXBuildFile; fileRef = 5DB7350B231DFDF600F53E30 /* Assets.xcassets */; };
		5DB7350F231DFDF600F53E30 /* LaunchScreen.storyboard in Resources */ = {isa = PBXBuildFile; fileRef = 5DB7350D231DFDF600F53E30 /* LaunchScreen.storyboard */; };
		5DD9912D2347D32E001D5190 /* Goal+CoreDataClass.swift in Sources */ = {isa = PBXBuildFile; fileRef = 5DD991292347D32E001D5190 /* Goal+CoreDataClass.swift */; };
		5DD9912E2347D32E001D5190 /* Goal+CoreDataProperties.swift in Sources */ = {isa = PBXBuildFile; fileRef = 5DD9912A2347D32E001D5190 /* Goal+CoreDataProperties.swift */; };
		5DD9912F2347D32E001D5190 /* Timestamps+CoreDataClass.swift in Sources */ = {isa = PBXBuildFile; fileRef = 5DD9912B2347D32E001D5190 /* Timestamps+CoreDataClass.swift */; };
		5DD991302347D32E001D5190 /* Timestamps+CoreDataProperties.swift in Sources */ = {isa = PBXBuildFile; fileRef = 5DD9912C2347D32E001D5190 /* Timestamps+CoreDataProperties.swift */; };
		5DF6E9FF2325AA2700EC64B7 /* UINavController.swift in Sources */ = {isa = PBXBuildFile; fileRef = 5DF6E9FE2325AA2700EC64B7 /* UINavController.swift */; };
		5DFBC976232223D500896D64 /* NewGoalView.swift in Sources */ = {isa = PBXBuildFile; fileRef = 5DFBC975232223D500896D64 /* NewGoalView.swift */; };
		5DFBD9E12326BF8500573139 /* CoreDataManager.swift in Sources */ = {isa = PBXBuildFile; fileRef = 5DFBD9E02326BF8500573139 /* CoreDataManager.swift */; };
		5DFD92F9233B06F700397CF1 /* UIView.swift in Sources */ = {isa = PBXBuildFile; fileRef = 5DFD92F8233B06F700397CF1 /* UIView.swift */; };
		5DFE43E0233001DE005C9A79 /* DetailView.swift in Sources */ = {isa = PBXBuildFile; fileRef = 5DFE43DF233001DE005C9A79 /* DetailView.swift */; };
/* End PBXBuildFile section */

/* Begin PBXContainerItemProxy section */
		5D0863B2232084EB00CD58F5 /* PBXContainerItemProxy */ = {
			isa = PBXContainerItemProxy;
			containerPortal = 5DB734F6231DFDF400F53E30 /* Project object */;
			proxyType = 1;
			remoteGlobalIDString = 5DB734FD231DFDF400F53E30;
			remoteInfo = HundredHoursDev;
		};
		5D0863C02320852600CD58F5 /* PBXContainerItemProxy */ = {
			isa = PBXContainerItemProxy;
			containerPortal = 5DB734F6231DFDF400F53E30 /* Project object */;
			proxyType = 1;
			remoteGlobalIDString = 5DB734FD231DFDF400F53E30;
			remoteInfo = HundredHoursDev;
		};
/* End PBXContainerItemProxy section */

/* Begin PBXFileReference section */
		5D051787232C1A1A00B94C4B /* DetailViewController.swift */ = {isa = PBXFileReference; lastKnownFileType = sourcecode.swift; path = DetailViewController.swift; sourceTree = "<group>"; };
		5D051789232C1AC900B94C4B /* DetailViewModel.swift */ = {isa = PBXFileReference; lastKnownFileType = sourcecode.swift; path = DetailViewModel.swift; sourceTree = "<group>"; };
		5D08638B232054FE00CD58F5 /* NoGoalsHomeView.swift */ = {isa = PBXFileReference; lastKnownFileType = sourcecode.swift; path = NoGoalsHomeView.swift; sourceTree = "<group>"; };
		5D0863AD232084EB00CD58F5 /* HundredHoursDevTests.xctest */ = {isa = PBXFileReference; explicitFileType = wrapper.cfbundle; includeInIndex = 0; path = HundredHoursDevTests.xctest; sourceTree = BUILT_PRODUCTS_DIR; };
		5D0863AF232084EB00CD58F5 /* HundredHoursDevTests.swift */ = {isa = PBXFileReference; lastKnownFileType = sourcecode.swift; path = HundredHoursDevTests.swift; sourceTree = "<group>"; };
		5D0863B1232084EB00CD58F5 /* Info.plist */ = {isa = PBXFileReference; lastKnownFileType = text.plist.xml; path = Info.plist; sourceTree = "<group>"; };
		5D0863BB2320852600CD58F5 /* HundredHoursDevUITests.xctest */ = {isa = PBXFileReference; explicitFileType = wrapper.cfbundle; includeInIndex = 0; path = HundredHoursDevUITests.xctest; sourceTree = BUILT_PRODUCTS_DIR; };
		5D0863BD2320852600CD58F5 /* HundredHoursDevUITests.swift */ = {isa = PBXFileReference; lastKnownFileType = sourcecode.swift; path = HundredHoursDevUITests.swift; sourceTree = "<group>"; };
		5D0863BF2320852600CD58F5 /* Info.plist */ = {isa = PBXFileReference; lastKnownFileType = text.plist.xml; path = Info.plist; sourceTree = "<group>"; };
		5D27BBB72321A6F600C3D623 /* NewGoalViewController.swift */ = {isa = PBXFileReference; lastKnownFileType = sourcecode.swift; path = NewGoalViewController.swift; sourceTree = "<group>"; };
		5D27BBB92321A7E100C3D623 /* GoalSuperView.swift */ = {isa = PBXFileReference; lastKnownFileType = sourcecode.swift; path = GoalSuperView.swift; sourceTree = "<group>"; };
		5D4C61CC23344C30005FFD1F /* TimerViewController.swift */ = {isa = PBXFileReference; lastKnownFileType = sourcecode.swift; path = TimerViewController.swift; sourceTree = "<group>"; };
		5D4C61CE23344C53005FFD1F /* TimerView.swift */ = {isa = PBXFileReference; lastKnownFileType = sourcecode.swift; path = TimerView.swift; sourceTree = "<group>"; };
		5D4C61D023344CAF005FFD1F /* TimerViewModel.swift */ = {isa = PBXFileReference; lastKnownFileType = sourcecode.swift; path = TimerViewModel.swift; sourceTree = "<group>"; };
		5D6DB5FD2322D48A004B08F1 /* EditGoalView.swift */ = {isa = PBXFileReference; lastKnownFileType = sourcecode.swift; path = EditGoalView.swift; sourceTree = "<group>"; };
		5D6DB5FF2322E354004B08F1 /* ErrorViewController.swift */ = {isa = PBXFileReference; lastKnownFileType = sourcecode.swift; path = ErrorViewController.swift; sourceTree = "<group>"; };
		5D6DB6012323121A004B08F1 /* ErrorView.swift */ = {isa = PBXFileReference; lastKnownFileType = sourcecode.swift; path = ErrorView.swift; sourceTree = "<group>"; };
		5D9C529A232AC08200608D6D /* NewGoalViewModel.swift */ = {isa = PBXFileReference; lastKnownFileType = sourcecode.swift; path = NewGoalViewModel.swift; sourceTree = "<group>"; };
		5D9C529D232B05BB00608D6D /* HomeViewModel.swift */ = {isa = PBXFileReference; lastKnownFileType = sourcecode.swift; path = HomeViewModel.swift; sourceTree = "<group>"; };
		5DB734FE231DFDF400F53E30 /* HundredHoursDev.app */ = {isa = PBXFileReference; explicitFileType = wrapper.application; includeInIndex = 0; path = HundredHoursDev.app; sourceTree = BUILT_PRODUCTS_DIR; };
		5DB73501231DFDF400F53E30 /* AppDelegate.swift */ = {isa = PBXFileReference; lastKnownFileType = sourcecode.swift; path = AppDelegate.swift; sourceTree = "<group>"; };
		5DB73503231DFDF400F53E30 /* HomeViewController.swift */ = {isa = PBXFileReference; lastKnownFileType = sourcecode.swift; path = HomeViewController.swift; sourceTree = "<group>"; };
		5DB73509231DFDF400F53E30 /* _00HoursDev.xcdatamodel */ = {isa = PBXFileReference; lastKnownFileType = wrapper.xcdatamodel; path = _00HoursDev.xcdatamodel; sourceTree = "<group>"; };
		5DB7350B231DFDF600F53E30 /* Assets.xcassets */ = {isa = PBXFileReference; lastKnownFileType = folder.assetcatalog; path = Assets.xcassets; sourceTree = "<group>"; };
		5DB7350E231DFDF600F53E30 /* Base */ = {isa = PBXFileReference; lastKnownFileType = file.storyboard; name = Base; path = Base.lproj/LaunchScreen.storyboard; sourceTree = "<group>"; };
		5DB73510231DFDF600F53E30 /* Info.plist */ = {isa = PBXFileReference; lastKnownFileType = text.plist.xml; path = Info.plist; sourceTree = "<group>"; };
		5DD991292347D32E001D5190 /* Goal+CoreDataClass.swift */ = {isa = PBXFileReference; lastKnownFileType = sourcecode.swift; path = "Goal+CoreDataClass.swift"; sourceTree = "<group>"; };
		5DD9912A2347D32E001D5190 /* Goal+CoreDataProperties.swift */ = {isa = PBXFileReference; lastKnownFileType = sourcecode.swift; path = "Goal+CoreDataProperties.swift"; sourceTree = "<group>"; };
		5DD9912B2347D32E001D5190 /* Timestamps+CoreDataClass.swift */ = {isa = PBXFileReference; lastKnownFileType = sourcecode.swift; path = "Timestamps+CoreDataClass.swift"; sourceTree = "<group>"; };
		5DD9912C2347D32E001D5190 /* Timestamps+CoreDataProperties.swift */ = {isa = PBXFileReference; lastKnownFileType = sourcecode.swift; path = "Timestamps+CoreDataProperties.swift"; sourceTree = "<group>"; };
		5DF6E9FE2325AA2700EC64B7 /* UINavController.swift */ = {isa = PBXFileReference; lastKnownFileType = sourcecode.swift; path = UINavController.swift; sourceTree = "<group>"; };
		5DFBC975232223D500896D64 /* NewGoalView.swift */ = {isa = PBXFileReference; lastKnownFileType = sourcecode.swift; path = NewGoalView.swift; sourceTree = "<group>"; };
		5DFBD9E02326BF8500573139 /* CoreDataManager.swift */ = {isa = PBXFileReference; lastKnownFileType = sourcecode.swift; path = CoreDataManager.swift; sourceTree = "<group>"; };
		5DFD92F8233B06F700397CF1 /* UIView.swift */ = {isa = PBXFileReference; lastKnownFileType = sourcecode.swift; path = UIView.swift; sourceTree = "<group>"; };
		5DFE43DF233001DE005C9A79 /* DetailView.swift */ = {isa = PBXFileReference; lastKnownFileType = sourcecode.swift; path = DetailView.swift; sourceTree = "<group>"; };
/* End PBXFileReference section */

/* Begin PBXFrameworksBuildPhase section */
		5D0863AA232084EB00CD58F5 /* Frameworks */ = {
			isa = PBXFrameworksBuildPhase;
			buildActionMask = 2147483647;
			files = (
			);
			runOnlyForDeploymentPostprocessing = 0;
		};
		5D0863B82320852600CD58F5 /* Frameworks */ = {
			isa = PBXFrameworksBuildPhase;
			buildActionMask = 2147483647;
			files = (
			);
			runOnlyForDeploymentPostprocessing = 0;
		};
		5DB734FB231DFDF400F53E30 /* Frameworks */ = {
			isa = PBXFrameworksBuildPhase;
			buildActionMask = 2147483647;
			files = (
			);
			runOnlyForDeploymentPostprocessing = 0;
		};
/* End PBXFrameworksBuildPhase section */

/* Begin PBXGroup section */
		5D0863AE232084EB00CD58F5 /* HundredHoursDevTests */ = {
			isa = PBXGroup;
			children = (
				5D0863AF232084EB00CD58F5 /* HundredHoursDevTests.swift */,
				5D0863B1232084EB00CD58F5 /* Info.plist */,
			);
			path = HundredHoursDevTests;
			sourceTree = "<group>";
		};
		5D0863BC2320852600CD58F5 /* HundredHoursDevUITests */ = {
			isa = PBXGroup;
			children = (
				5D0863BD2320852600CD58F5 /* HundredHoursDevUITests.swift */,
				5D0863BF2320852600CD58F5 /* Info.plist */,
			);
			path = HundredHoursDevUITests;
			sourceTree = "<group>";
		};
		5D9C529C232AC08800608D6D /* ViewModels */ = {
			isa = PBXGroup;
			children = (
				5D051789232C1AC900B94C4B /* DetailViewModel.swift */,
				5D9C529D232B05BB00608D6D /* HomeViewModel.swift */,
				5D9C529A232AC08200608D6D /* NewGoalViewModel.swift */,
				5D4C61D023344CAF005FFD1F /* TimerViewModel.swift */,
			);
			path = ViewModels;
			sourceTree = "<group>";
		};
		5DB734F5231DFDF400F53E30 = {
			isa = PBXGroup;
			children = (
				5DB73500231DFDF400F53E30 /* HundredHoursDev */,
				5D0863AE232084EB00CD58F5 /* HundredHoursDevTests */,
				5D0863BC2320852600CD58F5 /* HundredHoursDevUITests */,
				5DB734FF231DFDF400F53E30 /* Products */,
			);
			sourceTree = "<group>";
		};
		5DB734FF231DFDF400F53E30 /* Products */ = {
			isa = PBXGroup;
			children = (
				5DB734FE231DFDF400F53E30 /* HundredHoursDev.app */,
				5D0863AD232084EB00CD58F5 /* HundredHoursDevTests.xctest */,
				5D0863BB2320852600CD58F5 /* HundredHoursDevUITests.xctest */,
			);
			name = Products;
			sourceTree = "<group>";
		};
		5DB73500231DFDF400F53E30 /* HundredHoursDev */ = {
			isa = PBXGroup;
			children = (
				5DB73501231DFDF400F53E30 /* AppDelegate.swift */,
				5DB7350B231DFDF600F53E30 /* Assets.xcassets */,
				5DF6EA022325ABD400EC64B7 /* Controllers */,
				5DB73508231DFDF400F53E30 /* HundredHoursDev.xcdatamodeld */,
				5DB73510231DFDF600F53E30 /* Info.plist */,
				5DF6EA012325ABC600EC64B7 /* Models */,
				5D9C529C232AC08800608D6D /* ViewModels */,
				5DF6EA002325ABB500EC64B7 /* Views */,
			);
			path = HundredHoursDev;
			sourceTree = "<group>";
		};
		5DF6EA002325ABB500EC64B7 /* Views */ = {
			isa = PBXGroup;
			children = (
				5DFE43DF233001DE005C9A79 /* DetailView.swift */,
				5D6DB5FD2322D48A004B08F1 /* EditGoalView.swift */,
				5D6DB6012323121A004B08F1 /* ErrorView.swift */,
				5D27BBB92321A7E100C3D623 /* GoalSuperView.swift */,
				5DB7350D231DFDF600F53E30 /* LaunchScreen.storyboard */,
				5DFBC975232223D500896D64 /* NewGoalView.swift */,
				5D08638B232054FE00CD58F5 /* NoGoalsHomeView.swift */,
				5D4C61CE23344C53005FFD1F /* TimerView.swift */,
				5DFD92F8233B06F700397CF1 /* UIView.swift */,
			);
			path = Views;
			sourceTree = "<group>";
		};
		5DF6EA012325ABC600EC64B7 /* Models */ = {
			isa = PBXGroup;
			children = (
				5DD991292347D32E001D5190 /* Goal+CoreDataClass.swift */,
				5DD9912A2347D32E001D5190 /* Goal+CoreDataProperties.swift */,
				5DD9912B2347D32E001D5190 /* Timestamps+CoreDataClass.swift */,
				5DD9912C2347D32E001D5190 /* Timestamps+CoreDataProperties.swift */,
				5DFBD9E02326BF8500573139 /* CoreDataManager.swift */,
			);
			path = Models;
			sourceTree = "<group>";
		};
		5DF6EA022325ABD400EC64B7 /* Controllers */ = {
			isa = PBXGroup;
			children = (
				5D051787232C1A1A00B94C4B /* DetailViewController.swift */,
				5D6DB5FF2322E354004B08F1 /* ErrorViewController.swift */,
				5DB73503231DFDF400F53E30 /* HomeViewController.swift */,
				5D27BBB72321A6F600C3D623 /* NewGoalViewController.swift */,
				5D4C61CC23344C30005FFD1F /* TimerViewController.swift */,
				5DF6E9FE2325AA2700EC64B7 /* UINavController.swift */,
			);
			path = Controllers;
			sourceTree = "<group>";
		};
/* End PBXGroup section */

/* Begin PBXNativeTarget section */
		5D0863AC232084EB00CD58F5 /* HundredHoursDevTests */ = {
			isa = PBXNativeTarget;
			buildConfigurationList = 5D0863B4232084EB00CD58F5 /* Build configuration list for PBXNativeTarget "HundredHoursDevTests" */;
			buildPhases = (
				5D0863A9232084EB00CD58F5 /* Sources */,
				5D0863AA232084EB00CD58F5 /* Frameworks */,
				5D0863AB232084EB00CD58F5 /* Resources */,
			);
			buildRules = (
			);
			dependencies = (
				5D0863B3232084EB00CD58F5 /* PBXTargetDependency */,
			);
			name = HundredHoursDevTests;
			productName = HundredHoursDevTests;
			productReference = 5D0863AD232084EB00CD58F5 /* HundredHoursDevTests.xctest */;
			productType = "com.apple.product-type.bundle.unit-test";
		};
		5D0863BA2320852600CD58F5 /* HundredHoursDevUITests */ = {
			isa = PBXNativeTarget;
			buildConfigurationList = 5D0863C22320852600CD58F5 /* Build configuration list for PBXNativeTarget "HundredHoursDevUITests" */;
			buildPhases = (
				5D0863B72320852600CD58F5 /* Sources */,
				5D0863B82320852600CD58F5 /* Frameworks */,
				5D0863B92320852600CD58F5 /* Resources */,
			);
			buildRules = (
			);
			dependencies = (
				5D0863C12320852600CD58F5 /* PBXTargetDependency */,
			);
			name = HundredHoursDevUITests;
			productName = HundredHoursDevUITests;
			productReference = 5D0863BB2320852600CD58F5 /* HundredHoursDevUITests.xctest */;
			productType = "com.apple.product-type.bundle.ui-testing";
		};
		5DB734FD231DFDF400F53E30 /* HundredHoursDev */ = {
			isa = PBXNativeTarget;
			buildConfigurationList = 5DB73529231DFDF700F53E30 /* Build configuration list for PBXNativeTarget "HundredHoursDev" */;
			buildPhases = (
				5DB734FA231DFDF400F53E30 /* Sources */,
				5DB734FB231DFDF400F53E30 /* Frameworks */,
				5DB734FC231DFDF400F53E30 /* Resources */,
			);
			buildRules = (
			);
			dependencies = (
			);
			name = HundredHoursDev;
			productName = 100HoursDev;
			productReference = 5DB734FE231DFDF400F53E30 /* HundredHoursDev.app */;
			productType = "com.apple.product-type.application";
		};
/* End PBXNativeTarget section */

/* Begin PBXProject section */
		5DB734F6231DFDF400F53E30 /* Project object */ = {
			isa = PBXProject;
			attributes = {
				LastSwiftUpdateCheck = 1020;
				LastUpgradeCheck = 1020;
				ORGANIZATIONNAME = "Stephen Ouyang";
				TargetAttributes = {
					5D0863AC232084EB00CD58F5 = {
						CreatedOnToolsVersion = 10.2.1;
						TestTargetID = 5DB734FD231DFDF400F53E30;
					};
					5D0863BA2320852600CD58F5 = {
						CreatedOnToolsVersion = 10.2.1;
						TestTargetID = 5DB734FD231DFDF400F53E30;
					};
					5DB734FD231DFDF400F53E30 = {
						CreatedOnToolsVersion = 10.2.1;
					};
				};
			};
			buildConfigurationList = 5DB734F9231DFDF400F53E30 /* Build configuration list for PBXProject "HundredHoursDev" */;
			compatibilityVersion = "Xcode 9.3";
			developmentRegion = en;
			hasScannedForEncodings = 0;
			knownRegions = (
				en,
				Base,
			);
			mainGroup = 5DB734F5231DFDF400F53E30;
			productRefGroup = 5DB734FF231DFDF400F53E30 /* Products */;
			projectDirPath = "";
			projectRoot = "";
			targets = (
				5DB734FD231DFDF400F53E30 /* HundredHoursDev */,
				5D0863AC232084EB00CD58F5 /* HundredHoursDevTests */,
				5D0863BA2320852600CD58F5 /* HundredHoursDevUITests */,
			);
		};
/* End PBXProject section */

/* Begin PBXResourcesBuildPhase section */
		5D0863AB232084EB00CD58F5 /* Resources */ = {
			isa = PBXResourcesBuildPhase;
			buildActionMask = 2147483647;
			files = (
			);
			runOnlyForDeploymentPostprocessing = 0;
		};
		5D0863B92320852600CD58F5 /* Resources */ = {
			isa = PBXResourcesBuildPhase;
			buildActionMask = 2147483647;
			files = (
			);
			runOnlyForDeploymentPostprocessing = 0;
		};
		5DB734FC231DFDF400F53E30 /* Resources */ = {
			isa = PBXResourcesBuildPhase;
			buildActionMask = 2147483647;
			files = (
				5DB7350F231DFDF600F53E30 /* LaunchScreen.storyboard in Resources */,
				5DB7350C231DFDF600F53E30 /* Assets.xcassets in Resources */,
			);
			runOnlyForDeploymentPostprocessing = 0;
		};
/* End PBXResourcesBuildPhase section */

/* Begin PBXSourcesBuildPhase section */
		5D0863A9232084EB00CD58F5 /* Sources */ = {
			isa = PBXSourcesBuildPhase;
			buildActionMask = 2147483647;
			files = (
				5D0863B0232084EB00CD58F5 /* HundredHoursDevTests.swift in Sources */,
			);
			runOnlyForDeploymentPostprocessing = 0;
		};
		5D0863B72320852600CD58F5 /* Sources */ = {
			isa = PBXSourcesBuildPhase;
			buildActionMask = 2147483647;
			files = (
				5D0863BE2320852600CD58F5 /* HundredHoursDevUITests.swift in Sources */,
			);
			runOnlyForDeploymentPostprocessing = 0;
		};
		5DB734FA231DFDF400F53E30 /* Sources */ = {
			isa = PBXSourcesBuildPhase;
			buildActionMask = 2147483647;
			files = (
				5D4C61D123344CAF005FFD1F /* TimerViewModel.swift in Sources */,
				5D6DB6002322E354004B08F1 /* ErrorViewController.swift in Sources */,
				5D9C529B232AC08200608D6D /* NewGoalViewModel.swift in Sources */,
				5DB7350A231DFDF400F53E30 /* HundredHoursDev.xcdatamodeld in Sources */,
				5DF6E9FF2325AA2700EC64B7 /* UINavController.swift in Sources */,
				5DD9912E2347D32E001D5190 /* Goal+CoreDataProperties.swift in Sources */,
				5D6DB5FE2322D48A004B08F1 /* EditGoalView.swift in Sources */,
				5DB73504231DFDF400F53E30 /* HomeViewController.swift in Sources */,
				5D08638C232054FE00CD58F5 /* NoGoalsHomeView.swift in Sources */,
				5DFBD9E12326BF8500573139 /* CoreDataManager.swift in Sources */,
				5D6DB6022323121A004B08F1 /* ErrorView.swift in Sources */,
				5DFD92F9233B06F700397CF1 /* UIView.swift in Sources */,
				5DD9912F2347D32E001D5190 /* Timestamps+CoreDataClass.swift in Sources */,
				5D9C529E232B05BB00608D6D /* HomeViewModel.swift in Sources */,
				5D4C61CF23344C53005FFD1F /* TimerView.swift in Sources */,
				5D4C61CD23344C30005FFD1F /* TimerViewController.swift in Sources */,
				5DFBC976232223D500896D64 /* NewGoalView.swift in Sources */,
				5DB73502231DFDF400F53E30 /* AppDelegate.swift in Sources */,
				5D051788232C1A1A00B94C4B /* DetailViewController.swift in Sources */,
				5D27BBBA2321A7E100C3D623 /* GoalSuperView.swift in Sources */,
				5DD9912D2347D32E001D5190 /* Goal+CoreDataClass.swift in Sources */,
				5DFE43E0233001DE005C9A79 /* DetailView.swift in Sources */,
				5DD991302347D32E001D5190 /* Timestamps+CoreDataProperties.swift in Sources */,
				5D27BBB82321A6F600C3D623 /* NewGoalViewController.swift in Sources */,
				5D05178A232C1AC900B94C4B /* DetailViewModel.swift in Sources */,
			);
			runOnlyForDeploymentPostprocessing = 0;
		};
/* End PBXSourcesBuildPhase section */

/* Begin PBXTargetDependency section */
		5D0863B3232084EB00CD58F5 /* PBXTargetDependency */ = {
			isa = PBXTargetDependency;
			target = 5DB734FD231DFDF400F53E30 /* HundredHoursDev */;
			targetProxy = 5D0863B2232084EB00CD58F5 /* PBXContainerItemProxy */;
		};
		5D0863C12320852600CD58F5 /* PBXTargetDependency */ = {
			isa = PBXTargetDependency;
			target = 5DB734FD231DFDF400F53E30 /* HundredHoursDev */;
			targetProxy = 5D0863C02320852600CD58F5 /* PBXContainerItemProxy */;
		};
/* End PBXTargetDependency section */

/* Begin PBXVariantGroup section */
		5DB7350D231DFDF600F53E30 /* LaunchScreen.storyboard */ = {
			isa = PBXVariantGroup;
			children = (
				5DB7350E231DFDF600F53E30 /* Base */,
			);
			name = LaunchScreen.storyboard;
			sourceTree = "<group>";
		};
/* End PBXVariantGroup section */

/* Begin XCBuildConfiguration section */
		5D0863B5232084EB00CD58F5 /* Debug */ = {
			isa = XCBuildConfiguration;
			buildSettings = {
				BUNDLE_LOADER = "$(TEST_HOST)";
				CODE_SIGN_STYLE = Automatic;
				DEVELOPMENT_TEAM = R7Y8QKEC95;
				INFOPLIST_FILE = HundredHoursDevTests/Info.plist;
				LD_RUNPATH_SEARCH_PATHS = (
					"$(inherited)",
					"@executable_path/Frameworks",
					"@loader_path/Frameworks",
				);
				PRODUCT_BUNDLE_IDENTIFIER = "com.Stephen-Ouyang.HundredHoursDevTests";
				PRODUCT_NAME = "$(TARGET_NAME)";
				SWIFT_VERSION = 5.0;
				TARGETED_DEVICE_FAMILY = "1,2";
				TEST_HOST = "$(BUILT_PRODUCTS_DIR)/HundredHoursDev.app/HundredHoursDev";
			};
			name = Debug;
		};
		5D0863B6232084EB00CD58F5 /* Release */ = {
			isa = XCBuildConfiguration;
			buildSettings = {
				BUNDLE_LOADER = "$(TEST_HOST)";
				CODE_SIGN_STYLE = Automatic;
				DEVELOPMENT_TEAM = R7Y8QKEC95;
				INFOPLIST_FILE = HundredHoursDevTests/Info.plist;
				LD_RUNPATH_SEARCH_PATHS = (
					"$(inherited)",
					"@executable_path/Frameworks",
					"@loader_path/Frameworks",
				);
				PRODUCT_BUNDLE_IDENTIFIER = "com.Stephen-Ouyang.HundredHoursDevTests";
				PRODUCT_NAME = "$(TARGET_NAME)";
				SWIFT_VERSION = 5.0;
				TARGETED_DEVICE_FAMILY = "1,2";
				TEST_HOST = "$(BUILT_PRODUCTS_DIR)/HundredHoursDev.app/HundredHoursDev";
			};
			name = Release;
		};
		5D0863C32320852600CD58F5 /* Debug */ = {
			isa = XCBuildConfiguration;
			buildSettings = {
				CODE_SIGN_STYLE = Automatic;
				DEVELOPMENT_TEAM = R7Y8QKEC95;
				INFOPLIST_FILE = HundredHoursDevUITests/Info.plist;
				LD_RUNPATH_SEARCH_PATHS = (
					"$(inherited)",
					"@executable_path/Frameworks",
					"@loader_path/Frameworks",
				);
				PRODUCT_BUNDLE_IDENTIFIER = "com.Stephen-Ouyang.HundredHoursDevUITests";
				PRODUCT_NAME = "$(TARGET_NAME)";
				SWIFT_VERSION = 5.0;
				TARGETED_DEVICE_FAMILY = "1,2";
				TEST_TARGET_NAME = HundredHoursDev;
			};
			name = Debug;
		};
		5D0863C42320852600CD58F5 /* Release */ = {
			isa = XCBuildConfiguration;
			buildSettings = {
				CODE_SIGN_STYLE = Automatic;
				DEVELOPMENT_TEAM = R7Y8QKEC95;
				INFOPLIST_FILE = HundredHoursDevUITests/Info.plist;
				LD_RUNPATH_SEARCH_PATHS = (
					"$(inherited)",
					"@executable_path/Frameworks",
					"@loader_path/Frameworks",
				);
				PRODUCT_BUNDLE_IDENTIFIER = "com.Stephen-Ouyang.HundredHoursDevUITests";
				PRODUCT_NAME = "$(TARGET_NAME)";
				SWIFT_VERSION = 5.0;
				TARGETED_DEVICE_FAMILY = "1,2";
				TEST_TARGET_NAME = HundredHoursDev;
			};
			name = Release;
		};
		5DB73527231DFDF700F53E30 /* Debug */ = {
			isa = XCBuildConfiguration;
			buildSettings = {
				ALWAYS_SEARCH_USER_PATHS = NO;
				CLANG_ANALYZER_NONNULL = YES;
				CLANG_ANALYZER_NUMBER_OBJECT_CONVERSION = YES_AGGRESSIVE;
				CLANG_CXX_LANGUAGE_STANDARD = "gnu++14";
				CLANG_CXX_LIBRARY = "libc++";
				CLANG_ENABLE_MODULES = YES;
				CLANG_ENABLE_OBJC_ARC = YES;
				CLANG_ENABLE_OBJC_WEAK = YES;
				CLANG_WARN_BLOCK_CAPTURE_AUTORELEASING = YES;
				CLANG_WARN_BOOL_CONVERSION = YES;
				CLANG_WARN_COMMA = YES;
				CLANG_WARN_CONSTANT_CONVERSION = YES;
				CLANG_WARN_DEPRECATED_OBJC_IMPLEMENTATIONS = YES;
				CLANG_WARN_DIRECT_OBJC_ISA_USAGE = YES_ERROR;
				CLANG_WARN_DOCUMENTATION_COMMENTS = YES;
				CLANG_WARN_EMPTY_BODY = YES;
				CLANG_WARN_ENUM_CONVERSION = YES;
				CLANG_WARN_INFINITE_RECURSION = YES;
				CLANG_WARN_INT_CONVERSION = YES;
				CLANG_WARN_NON_LITERAL_NULL_CONVERSION = YES;
				CLANG_WARN_OBJC_IMPLICIT_RETAIN_SELF = YES;
				CLANG_WARN_OBJC_LITERAL_CONVERSION = YES;
				CLANG_WARN_OBJC_ROOT_CLASS = YES_ERROR;
				CLANG_WARN_RANGE_LOOP_ANALYSIS = YES;
				CLANG_WARN_STRICT_PROTOTYPES = YES;
				CLANG_WARN_SUSPICIOUS_MOVE = YES;
				CLANG_WARN_UNGUARDED_AVAILABILITY = YES_AGGRESSIVE;
				CLANG_WARN_UNREACHABLE_CODE = YES;
				CLANG_WARN__DUPLICATE_METHOD_MATCH = YES;
				CODE_SIGN_IDENTITY = "iPhone Developer";
				COPY_PHASE_STRIP = NO;
				DEBUG_INFORMATION_FORMAT = dwarf;
				ENABLE_STRICT_OBJC_MSGSEND = YES;
				ENABLE_TESTABILITY = YES;
				GCC_C_LANGUAGE_STANDARD = gnu11;
				GCC_DYNAMIC_NO_PIC = NO;
				GCC_NO_COMMON_BLOCKS = YES;
				GCC_OPTIMIZATION_LEVEL = 0;
				GCC_PREPROCESSOR_DEFINITIONS = (
					"DEBUG=1",
					"$(inherited)",
				);
				GCC_WARN_64_TO_32_BIT_CONVERSION = YES;
				GCC_WARN_ABOUT_RETURN_TYPE = YES_ERROR;
				GCC_WARN_UNDECLARED_SELECTOR = YES;
				GCC_WARN_UNINITIALIZED_AUTOS = YES_AGGRESSIVE;
				GCC_WARN_UNUSED_FUNCTION = YES;
				GCC_WARN_UNUSED_VARIABLE = YES;
				IPHONEOS_DEPLOYMENT_TARGET = 12.2;
				MTL_ENABLE_DEBUG_INFO = INCLUDE_SOURCE;
				MTL_FAST_MATH = YES;
				ONLY_ACTIVE_ARCH = YES;
				SDKROOT = iphoneos;
				SWIFT_ACTIVE_COMPILATION_CONDITIONS = DEBUG;
				SWIFT_OPTIMIZATION_LEVEL = "-Onone";
			};
			name = Debug;
		};
		5DB73528231DFDF700F53E30 /* Release */ = {
			isa = XCBuildConfiguration;
			buildSettings = {
				ALWAYS_SEARCH_USER_PATHS = NO;
				CLANG_ANALYZER_NONNULL = YES;
				CLANG_ANALYZER_NUMBER_OBJECT_CONVERSION = YES_AGGRESSIVE;
				CLANG_CXX_LANGUAGE_STANDARD = "gnu++14";
				CLANG_CXX_LIBRARY = "libc++";
				CLANG_ENABLE_MODULES = YES;
				CLANG_ENABLE_OBJC_ARC = YES;
				CLANG_ENABLE_OBJC_WEAK = YES;
				CLANG_WARN_BLOCK_CAPTURE_AUTORELEASING = YES;
				CLANG_WARN_BOOL_CONVERSION = YES;
				CLANG_WARN_COMMA = YES;
				CLANG_WARN_CONSTANT_CONVERSION = YES;
				CLANG_WARN_DEPRECATED_OBJC_IMPLEMENTATIONS = YES;
				CLANG_WARN_DIRECT_OBJC_ISA_USAGE = YES_ERROR;
				CLANG_WARN_DOCUMENTATION_COMMENTS = YES;
				CLANG_WARN_EMPTY_BODY = YES;
				CLANG_WARN_ENUM_CONVERSION = YES;
				CLANG_WARN_INFINITE_RECURSION = YES;
				CLANG_WARN_INT_CONVERSION = YES;
				CLANG_WARN_NON_LITERAL_NULL_CONVERSION = YES;
				CLANG_WARN_OBJC_IMPLICIT_RETAIN_SELF = YES;
				CLANG_WARN_OBJC_LITERAL_CONVERSION = YES;
				CLANG_WARN_OBJC_ROOT_CLASS = YES_ERROR;
				CLANG_WARN_RANGE_LOOP_ANALYSIS = YES;
				CLANG_WARN_STRICT_PROTOTYPES = YES;
				CLANG_WARN_SUSPICIOUS_MOVE = YES;
				CLANG_WARN_UNGUARDED_AVAILABILITY = YES_AGGRESSIVE;
				CLANG_WARN_UNREACHABLE_CODE = YES;
				CLANG_WARN__DUPLICATE_METHOD_MATCH = YES;
				CODE_SIGN_IDENTITY = "iPhone Developer";
				COPY_PHASE_STRIP = NO;
				DEBUG_INFORMATION_FORMAT = "dwarf-with-dsym";
				ENABLE_NS_ASSERTIONS = NO;
				ENABLE_STRICT_OBJC_MSGSEND = YES;
				GCC_C_LANGUAGE_STANDARD = gnu11;
				GCC_NO_COMMON_BLOCKS = YES;
				GCC_WARN_64_TO_32_BIT_CONVERSION = YES;
				GCC_WARN_ABOUT_RETURN_TYPE = YES_ERROR;
				GCC_WARN_UNDECLARED_SELECTOR = YES;
				GCC_WARN_UNINITIALIZED_AUTOS = YES_AGGRESSIVE;
				GCC_WARN_UNUSED_FUNCTION = YES;
				GCC_WARN_UNUSED_VARIABLE = YES;
				IPHONEOS_DEPLOYMENT_TARGET = 12.2;
				MTL_ENABLE_DEBUG_INFO = NO;
				MTL_FAST_MATH = YES;
				SDKROOT = iphoneos;
				SWIFT_COMPILATION_MODE = wholemodule;
				SWIFT_OPTIMIZATION_LEVEL = "-O";
				VALIDATE_PRODUCT = YES;
			};
			name = Release;
		};
		5DB7352A231DFDF700F53E30 /* Debug */ = {
			isa = XCBuildConfiguration;
			buildSettings = {
				ASSETCATALOG_COMPILER_APPICON_NAME = AppIcon;
				CODE_SIGN_STYLE = Automatic;
				DEVELOPMENT_TEAM = R7Y8QKEC95;
				INFOPLIST_FILE = HundredHoursDev/Info.plist;
				LD_RUNPATH_SEARCH_PATHS = (
					"$(inherited)",
					"@executable_path/Frameworks",
				);
				PRODUCT_BUNDLE_IDENTIFIER = "com.Stephen-Ouyang.-HundredHoursDev";
				PRODUCT_NAME = "$(TARGET_NAME)";
				SWIFT_VERSION = 5.0;
				TARGETED_DEVICE_FAMILY = "1,2";
			};
			name = Debug;
		};
		5DB7352B231DFDF700F53E30 /* Release */ = {
			isa = XCBuildConfiguration;
			buildSettings = {
				ASSETCATALOG_COMPILER_APPICON_NAME = AppIcon;
				CODE_SIGN_STYLE = Automatic;
				DEVELOPMENT_TEAM = R7Y8QKEC95;
				INFOPLIST_FILE = HundredHoursDev/Info.plist;
				LD_RUNPATH_SEARCH_PATHS = (
					"$(inherited)",
					"@executable_path/Frameworks",
				);
				PRODUCT_BUNDLE_IDENTIFIER = "com.Stephen-Ouyang.-HundredHoursDev";
				PRODUCT_NAME = "$(TARGET_NAME)";
				SWIFT_VERSION = 5.0;
				TARGETED_DEVICE_FAMILY = "1,2";
			};
			name = Release;
		};
/* End XCBuildConfiguration section */

/* Begin XCConfigurationList section */
		5D0863B4232084EB00CD58F5 /* Build configuration list for PBXNativeTarget "HundredHoursDevTests" */ = {
			isa = XCConfigurationList;
			buildConfigurations = (
				5D0863B5232084EB00CD58F5 /* Debug */,
				5D0863B6232084EB00CD58F5 /* Release */,
			);
			defaultConfigurationIsVisible = 0;
			defaultConfigurationName = Release;
		};
		5D0863C22320852600CD58F5 /* Build configuration list for PBXNativeTarget "HundredHoursDevUITests" */ = {
			isa = XCConfigurationList;
			buildConfigurations = (
				5D0863C32320852600CD58F5 /* Debug */,
				5D0863C42320852600CD58F5 /* Release */,
			);
			defaultConfigurationIsVisible = 0;
			defaultConfigurationName = Release;
		};
		5DB734F9231DFDF400F53E30 /* Build configuration list for PBXProject "HundredHoursDev" */ = {
			isa = XCConfigurationList;
			buildConfigurations = (
				5DB73527231DFDF700F53E30 /* Debug */,
				5DB73528231DFDF700F53E30 /* Release */,
			);
			defaultConfigurationIsVisible = 0;
			defaultConfigurationName = Release;
		};
		5DB73529231DFDF700F53E30 /* Build configuration list for PBXNativeTarget "HundredHoursDev" */ = {
			isa = XCConfigurationList;
			buildConfigurations = (
				5DB7352A231DFDF700F53E30 /* Debug */,
				5DB7352B231DFDF700F53E30 /* Release */,
			);
			defaultConfigurationIsVisible = 0;
			defaultConfigurationName = Release;
		};
/* End XCConfigurationList section */

/* Begin XCVersionGroup section */
		5DB73508231DFDF400F53E30 /* HundredHoursDev.xcdatamodeld */ = {
			isa = XCVersionGroup;
			children = (
				5DB73509231DFDF400F53E30 /* _00HoursDev.xcdatamodel */,
			);
			currentVersion = 5DB73509231DFDF400F53E30 /* _00HoursDev.xcdatamodel */;
			path = HundredHoursDev.xcdatamodeld;
			sourceTree = "<group>";
			versionGroupType = wrapper.xcdatamodel;
		};
/* End XCVersionGroup section */
	};
	rootObject = 5DB734F6231DFDF400F53E30 /* Project object */;
}
